
Microsoft Visual Studio Solution File, Format Version 12.00
# Visual Studio Version 17
VisualStudioVersion = 17.14.36414.22
MinimumVisualStudioVersion = 10.0.40219.1
Project("{FAE04EC0-301F-11D3-BF4B-00C04F79EFBC}") = "Repository.Core", "Repository.Core\Repository.Core.csproj", "{26C83DCA-B9C4-94D6-AE6A-CC989C926095}"
EndProject
Project("{FAE04EC0-301F-11D3-BF4B-00C04F79EFBC}") = "Repository.Infrastructure", "Repository.Infrastructure\Repository.Infrastructure.csproj", "{37F0F467-D398-074A-71E2-F28A4C865529}"
EndProject
Project("{FAE04EC0-301F-11D3-BF4B-00C04F79EFBC}") = "RepositoryUnitTests", "RepositryUnitTests\RepositoryUnitTests.csproj", "{58BD50AC-8535-287A-94A4-ABEE4A4045DF}"
EndProject
Global
	GlobalSection(SolutionConfigurationPlatforms) = preSolution
		Debug|Any CPU = Debug|Any CPU
		Release|Any CPU = Release|Any CPU
	EndGlobalSection
	GlobalSection(ProjectConfigurationPlatforms) = postSolution
		{26C83DCA-B9C4-94D6-AE6A-CC989C926095}.Debug|Any CPU.ActiveCfg = Debug|Any CPU
		{26C83DCA-B9C4-94D6-AE6A-CC989C926095}.Debug|Any CPU.Build.0 = Debug|Any CPU
		{26C83DCA-B9C4-94D6-AE6A-CC989C926095}.Release|Any CPU.ActiveCfg = Release|Any CPU
		{26C83DCA-B9C4-94D6-AE6A-CC989C926095}.Release|Any CPU.Build.0 = Release|Any CPU
		{37F0F467-D398-074A-71E2-F28A4C865529}.Debug|Any CPU.ActiveCfg = Debug|Any CPU
		{37F0F467-D398-074A-71E2-F28A4C865529}.Debug|Any CPU.Build.0 = Debug|Any CPU
		{37F0F467-D398-074A-71E2-F28A4C865529}.Release|Any CPU.ActiveCfg = Release|Any CPU
		{37F0F467-D398-074A-71E2-F28A4C865529}.Release|Any CPU.Build.0 = Release|Any CPU
		{58BD50AC-8535-287A-94A4-ABEE4A4045DF}.Debug|Any CPU.ActiveCfg = Debug|Any CPU
		{58BD50AC-8535-287A-94A4-ABEE4A4045DF}.Debug|Any CPU.Build.0 = Debug|Any CPU
		{58BD50AC-8535-287A-94A4-ABEE4A4045DF}.Release|Any CPU.ActiveCfg = Release|Any CPU
		{58BD50AC-8535-287A-94A4-ABEE4A4045DF}.Release|Any CPU.Build.0 = Release|Any CPU
	EndGlobalSection
	GlobalSection(SolutionProperties) = preSolution
		HideSolutionNode = FALSE
	EndGlobalSection
	GlobalSection(ExtensibilityGlobals) = postSolution
		SolutionGuid = {AA0D4732-5520-4B61-9C83-2AFC857E968A}
	EndGlobalSection
EndGlobal
