
Microsoft Visual Studio Solution File, Format Version 12.00
# Visual Studio Version 17
VisualStudioVersion = 17.14.36414.22
MinimumVisualStudioVersion = 10.0.40219.1
Project("{2150E333-8FDC-42A3-9474-1A3956D46DE8}") = "User", "User", "{CD16CA97-F666-444D-938E-ADD301C182D7}"
EndProject
Project("{FAE04EC0-301F-11D3-BF4B-00C04F79EFBC}") = "FieldManagementSystem.Services.User", "User\FieldManagementSystem.Services.User\FieldManagementSystem.Services.User.csproj", "{967C2932-8250-5FA2-8CE0-F7D4B843D858}"
EndProject
Project("{FAE04EC0-301F-11D3-BF4B-00C04F79EFBC}") = "FieldManagementSystem.Services.User.Core", "User\FieldManagementSystem.Services.User.Core\FieldManagementSystem.Services.User.Core.csproj", "{A018F105-E79E-BA83-F39C-EA8C1C200253}"
EndProject
Project("{FAE04EC0-301F-11D3-BF4B-00C04F79EFBC}") = "FieldManagementSystem.Services.User.Infrastructure", "User\FieldManagementSystem.Services.User.Infrastructure\FieldManagementSystem.Services.User.Infrastructure.csproj", "{9F5338C5-8D19-15FB-9BD5-C31A7FD7C73E}"
EndProject
Project("{FAE04EC0-301F-11D3-BF4B-00C04F79EFBC}") = "FieldManagementSystem.Services.User.Tests", "User\FieldManagementSystem.User.Tests\FieldManagementSystem.Services.User.Tests.csproj", "{4B51D5DB-2D82-E560-8405-DBB17B116269}"
EndProject
Project("{2150E333-8FDC-42A3-9474-1A3956D46DE8}") = "Field", "Field", "{02EA681E-C7D8-13C7-8484-4AC65E1B71E8}"
EndProject
Project("{FAE04EC0-301F-11D3-BF4B-00C04F79EFBC}") = "FieldManagementSystem.Services.Field", "Field\FieldManagementSystem.Services.Field\FieldManagementSystem.Services.Field.csproj", "{2C95C7F3-7022-C61F-9895-58FA98F0B3F2}"
EndProject
Project("{FAE04EC0-301F-11D3-BF4B-00C04F79EFBC}") = "FieldManagementSystem.Services.Field.Core", "Field\FieldManagementSystem.Services.Field.Core\FieldManagementSystem.Services.Field.Core.csproj", "{092DD260-E6BB-AC4E-91E8-CAD44C7DF645}"
EndProject
Project("{FAE04EC0-301F-11D3-BF4B-00C04F79EFBC}") = "FieldManagementSystem.Services.Field.Infrastructure", "Field\FieldManagementSystem.Services.Field.Infrastructure\FieldManagementSystem.Services.Field.Infrastructure.csproj", "{49C22038-DE95-0087-905C-5EBF9D4B2646}"
EndProject
Project("{FAE04EC0-301F-11D3-BF4B-00C04F79EFBC}") = "FieldManagementSystem.Services.Field.Tests", "Field\FieldManagementSystem.Services.Field.Tests\FieldManagementSystem.Services.Field.Tests.csproj", "{2A3CC90B-14D8-B8BA-52DF-BBC04F3EEFAA}"
EndProject
Project("{2150E333-8FDC-42A3-9474-1A3956D46DE8}") = "Controller", "Controller", "{456F9B05-B5DF-49CE-A67B-46B33CF28314}"
EndProject
Project("{FAE04EC0-301F-11D3-BF4B-00C04F79EFBC}") = "FieldManagementSystem.Services.Controller.Tests", "Controller\FieldManagementSystem.Services.Controller.Tests\FieldManagementSystem.Services.Controller.Tests.csproj", "{93A9F420-EF0A-457C-AEA7-AB6F58BD6B1C}"
EndProject
Project("{FAE04EC0-301F-11D3-BF4B-00C04F79EFBC}") = "FieldManagementSystem.Services.Controller.Core", "Controller\FieldManagementSystem.Services.Controller.Core\FieldManagementSystem.Services.Controller.Core.csproj", "{076A746B-29E7-4C58-93BC-1BA96AAFBA52}"
EndProject
Project("{FAE04EC0-301F-11D3-BF4B-00C04F79EFBC}") = "FieldManagementSystem.Services.Controller.Infrastructure", "Controller\FieldManagementSystem.Services.Controller.Infrastructure\FieldManagementSystem.Services.Controller.Infrastructure.csproj", "{6EEE04A8-63A8-4E3E-BA87-52AFBE136267}"
EndProject
Project("{FAE04EC0-301F-11D3-BF4B-00C04F79EFBC}") = "FieldManagementSystem.Services.Controller", "Controller\FieldManagementSystem.Services.Controller\FieldManagementSystem.Services.Controller.csproj", "{3515EB74-FB65-733A-C5B9-85283DC343E4}"
EndProject
Global
	GlobalSection(SolutionConfigurationPlatforms) = preSolution
		Debug|Any CPU = Debug|Any CPU
		Debug|x64 = Debug|x64
		Release|Any CPU = Release|Any CPU
		Release|x64 = Release|x64
	EndGlobalSection
	GlobalSection(ProjectConfigurationPlatforms) = postSolution
		{967C2932-8250-5FA2-8CE0-F7D4B843D858}.Debug|Any CPU.ActiveCfg = Debug|Any CPU
		{967C2932-8250-5FA2-8CE0-F7D4B843D858}.Debug|Any CPU.Build.0 = Debug|Any CPU
		{967C2932-8250-5FA2-8CE0-F7D4B843D858}.Debug|x64.ActiveCfg = Debug|Any CPU
		{967C2932-8250-5FA2-8CE0-F7D4B843D858}.Debug|x64.Build.0 = Debug|Any CPU
		{967C2932-8250-5FA2-8CE0-F7D4B843D858}.Release|Any CPU.ActiveCfg = Release|Any CPU
		{967C2932-8250-5FA2-8CE0-F7D4B843D858}.Release|Any CPU.Build.0 = Release|Any CPU
		{967C2932-8250-5FA2-8CE0-F7D4B843D858}.Release|x64.ActiveCfg = Release|Any CPU
		{967C2932-8250-5FA2-8CE0-F7D4B843D858}.Release|x64.Build.0 = Release|Any CPU
		{A018F105-E79E-BA83-F39C-EA8C1C200253}.Debug|Any CPU.ActiveCfg = Debug|Any CPU
		{A018F105-E79E-BA83-F39C-EA8C1C200253}.Debug|Any CPU.Build.0 = Debug|Any CPU
		{A018F105-E79E-BA83-F39C-EA8C1C200253}.Debug|x64.ActiveCfg = Debug|Any CPU
		{A018F105-E79E-BA83-F39C-EA8C1C200253}.Debug|x64.Build.0 = Debug|Any CPU
		{A018F105-E79E-BA83-F39C-EA8C1C200253}.Release|Any CPU.ActiveCfg = Release|Any CPU
		{A018F105-E79E-BA83-F39C-EA8C1C200253}.Release|Any CPU.Build.0 = Release|Any CPU
		{A018F105-E79E-BA83-F39C-EA8C1C200253}.Release|x64.ActiveCfg = Release|Any CPU
		{A018F105-E79E-BA83-F39C-EA8C1C200253}.Release|x64.Build.0 = Release|Any CPU
		{9F5338C5-8D19-15FB-9BD5-C31A7FD7C73E}.Debug|Any CPU.ActiveCfg = Debug|Any CPU
		{9F5338C5-8D19-15FB-9BD5-C31A7FD7C73E}.Debug|Any CPU.Build.0 = Debug|Any CPU
		{9F5338C5-8D19-15FB-9BD5-C31A7FD7C73E}.Debug|x64.ActiveCfg = Debug|Any CPU
		{9F5338C5-8D19-15FB-9BD5-C31A7FD7C73E}.Debug|x64.Build.0 = Debug|Any CPU
		{9F5338C5-8D19-15FB-9BD5-C31A7FD7C73E}.Release|Any CPU.ActiveCfg = Release|Any CPU
		{9F5338C5-8D19-15FB-9BD5-C31A7FD7C73E}.Release|Any CPU.Build.0 = Release|Any CPU
		{9F5338C5-8D19-15FB-9BD5-C31A7FD7C73E}.Release|x64.ActiveCfg = Release|Any CPU
		{9F5338C5-8D19-15FB-9BD5-C31A7FD7C73E}.Release|x64.Build.0 = Release|Any CPU
		{4B51D5DB-2D82-E560-8405-DBB17B116269}.Debug|Any CPU.ActiveCfg = Debug|Any CPU
		{4B51D5DB-2D82-E560-8405-DBB17B116269}.Debug|Any CPU.Build.0 = Debug|Any CPU
		{4B51D5DB-2D82-E560-8405-DBB17B116269}.Debug|x64.ActiveCfg = Debug|Any CPU
		{4B51D5DB-2D82-E560-8405-DBB17B116269}.Debug|x64.Build.0 = Debug|Any CPU
		{4B51D5DB-2D82-E560-8405-DBB17B116269}.Release|Any CPU.ActiveCfg = Release|Any CPU
		{4B51D5DB-2D82-E560-8405-DBB17B116269}.Release|Any CPU.Build.0 = Release|Any CPU
		{4B51D5DB-2D82-E560-8405-DBB17B116269}.Release|x64.ActiveCfg = Release|Any CPU
		{4B51D5DB-2D82-E560-8405-DBB17B116269}.Release|x64.Build.0 = Release|Any CPU
		{2C95C7F3-7022-C61F-9895-58FA98F0B3F2}.Debug|Any CPU.ActiveCfg = Debug|Any CPU
		{2C95C7F3-7022-C61F-9895-58FA98F0B3F2}.Debug|Any CPU.Build.0 = Debug|Any CPU
		{2C95C7F3-7022-C61F-9895-58FA98F0B3F2}.Debug|x64.ActiveCfg = Debug|Any CPU
		{2C95C7F3-7022-C61F-9895-58FA98F0B3F2}.Debug|x64.Build.0 = Debug|Any CPU
		{2C95C7F3-7022-C61F-9895-58FA98F0B3F2}.Release|Any CPU.ActiveCfg = Release|Any CPU
		{2C95C7F3-7022-C61F-9895-58FA98F0B3F2}.Release|Any CPU.Build.0 = Release|Any CPU
		{2C95C7F3-7022-C61F-9895-58FA98F0B3F2}.Release|x64.ActiveCfg = Release|Any CPU
		{2C95C7F3-7022-C61F-9895-58FA98F0B3F2}.Release|x64.Build.0 = Release|Any CPU
		{092DD260-E6BB-AC4E-91E8-CAD44C7DF645}.Debug|Any CPU.ActiveCfg = Debug|Any CPU
		{092DD260-E6BB-AC4E-91E8-CAD44C7DF645}.Debug|Any CPU.Build.0 = Debug|Any CPU
		{092DD260-E6BB-AC4E-91E8-CAD44C7DF645}.Debug|x64.ActiveCfg = Debug|Any CPU
		{092DD260-E6BB-AC4E-91E8-CAD44C7DF645}.Debug|x64.Build.0 = Debug|Any CPU
		{092DD260-E6BB-AC4E-91E8-CAD44C7DF645}.Release|Any CPU.ActiveCfg = Release|Any CPU
		{092DD260-E6BB-AC4E-91E8-CAD44C7DF645}.Release|Any CPU.Build.0 = Release|Any CPU
		{092DD260-E6BB-AC4E-91E8-CAD44C7DF645}.Release|x64.ActiveCfg = Release|Any CPU
		{092DD260-E6BB-AC4E-91E8-CAD44C7DF645}.Release|x64.Build.0 = Release|Any CPU
		{49C22038-DE95-0087-905C-5EBF9D4B2646}.Debug|Any CPU.ActiveCfg = Debug|Any CPU
		{49C22038-DE95-0087-905C-5EBF9D4B2646}.Debug|Any CPU.Build.0 = Debug|Any CPU
		{49C22038-DE95-0087-905C-5EBF9D4B2646}.Debug|x64.ActiveCfg = Debug|Any CPU
		{49C22038-DE95-0087-905C-5EBF9D4B2646}.Debug|x64.Build.0 = Debug|Any CPU
		{49C22038-DE95-0087-905C-5EBF9D4B2646}.Release|Any CPU.ActiveCfg = Release|Any CPU
		{49C22038-DE95-0087-905C-5EBF9D4B2646}.Release|Any CPU.Build.0 = Release|Any CPU
		{49C22038-DE95-0087-905C-5EBF9D4B2646}.Release|x64.ActiveCfg = Release|Any CPU
		{49C22038-DE95-0087-905C-5EBF9D4B2646}.Release|x64.Build.0 = Release|Any CPU
		{2A3CC90B-14D8-B8BA-52DF-BBC04F3EEFAA}.Debug|Any CPU.ActiveCfg = Debug|Any CPU
		{2A3CC90B-14D8-B8BA-52DF-BBC04F3EEFAA}.Debug|Any CPU.Build.0 = Debug|Any CPU
		{2A3CC90B-14D8-B8BA-52DF-BBC04F3EEFAA}.Debug|x64.ActiveCfg = Debug|Any CPU
		{2A3CC90B-14D8-B8BA-52DF-BBC04F3EEFAA}.Debug|x64.Build.0 = Debug|Any CPU
		{2A3CC90B-14D8-B8BA-52DF-BBC04F3EEFAA}.Release|Any CPU.ActiveCfg = Release|Any CPU
		{2A3CC90B-14D8-B8BA-52DF-BBC04F3EEFAA}.Release|Any CPU.Build.0 = Release|Any CPU
		{2A3CC90B-14D8-B8BA-52DF-BBC04F3EEFAA}.Release|x64.ActiveCfg = Release|Any CPU
		{2A3CC90B-14D8-B8BA-52DF-BBC04F3EEFAA}.Release|x64.Build.0 = Release|Any CPU
		{93A9F420-EF0A-457C-AEA7-AB6F58BD6B1C}.Debug|Any CPU.ActiveCfg = Debug|Any CPU
		{93A9F420-EF0A-457C-AEA7-AB6F58BD6B1C}.Debug|Any CPU.Build.0 = Debug|Any CPU
		{93A9F420-EF0A-457C-AEA7-AB6F58BD6B1C}.Debug|x64.ActiveCfg = Debug|Any CPU
		{93A9F420-EF0A-457C-AEA7-AB6F58BD6B1C}.Debug|x64.Build.0 = Debug|Any CPU
		{93A9F420-EF0A-457C-AEA7-AB6F58BD6B1C}.Release|Any CPU.ActiveCfg = Release|Any CPU
		{93A9F420-EF0A-457C-AEA7-AB6F58BD6B1C}.Release|Any CPU.Build.0 = Release|Any CPU
		{93A9F420-EF0A-457C-AEA7-AB6F58BD6B1C}.Release|x64.ActiveCfg = Release|Any CPU
		{93A9F420-EF0A-457C-AEA7-AB6F58BD6B1C}.Release|x64.Build.0 = Release|Any CPU
		{076A746B-29E7-4C58-93BC-1BA96AAFBA52}.Debug|Any CPU.ActiveCfg = Debug|Any CPU
		{076A746B-29E7-4C58-93BC-1BA96AAFBA52}.Debug|Any CPU.Build.0 = Debug|Any CPU
		{076A746B-29E7-4C58-93BC-1BA96AAFBA52}.Debug|x64.ActiveCfg = Debug|Any CPU
		{076A746B-29E7-4C58-93BC-1BA96AAFBA52}.Debug|x64.Build.0 = Debug|Any CPU
		{076A746B-29E7-4C58-93BC-1BA96AAFBA52}.Release|Any CPU.ActiveCfg = Release|Any CPU
		{076A746B-29E7-4C58-93BC-1BA96AAFBA52}.Release|Any CPU.Build.0 = Release|Any CPU
		{076A746B-29E7-4C58-93BC-1BA96AAFBA52}.Release|x64.ActiveCfg = Release|Any CPU
		{076A746B-29E7-4C58-93BC-1BA96AAFBA52}.Release|x64.Build.0 = Release|Any CPU
		{6EEE04A8-63A8-4E3E-BA87-52AFBE136267}.Debug|Any CPU.ActiveCfg = Debug|Any CPU
		{6EEE04A8-63A8-4E3E-BA87-52AFBE136267}.Debug|Any CPU.Build.0 = Debug|Any CPU
		{6EEE04A8-63A8-4E3E-BA87-52AFBE136267}.Debug|x64.ActiveCfg = Debug|Any CPU
		{6EEE04A8-63A8-4E3E-BA87-52AFBE136267}.Debug|x64.Build.0 = Debug|Any CPU
		{6EEE04A8-63A8-4E3E-BA87-52AFBE136267}.Release|Any CPU.ActiveCfg = Release|Any CPU
		{6EEE04A8-63A8-4E3E-BA87-52AFBE136267}.Release|Any CPU.Build.0 = Release|Any CPU
		{6EEE04A8-63A8-4E3E-BA87-52AFBE136267}.Release|x64.ActiveCfg = Release|Any CPU
		{6EEE04A8-63A8-4E3E-BA87-52AFBE136267}.Release|x64.Build.0 = Release|Any CPU
		{3515EB74-FB65-733A-C5B9-85283DC343E4}.Debug|Any CPU.ActiveCfg = Debug|Any CPU
		{3515EB74-FB65-733A-C5B9-85283DC343E4}.Debug|Any CPU.Build.0 = Debug|Any CPU
		{3515EB74-FB65-733A-C5B9-85283DC343E4}.Debug|x64.ActiveCfg = Debug|Any CPU
		{3515EB74-FB65-733A-C5B9-85283DC343E4}.Debug|x64.Build.0 = Debug|Any CPU
		{3515EB74-FB65-733A-C5B9-85283DC343E4}.Release|Any CPU.ActiveCfg = Release|Any CPU
		{3515EB74-FB65-733A-C5B9-85283DC343E4}.Release|Any CPU.Build.0 = Release|Any CPU
		{3515EB74-FB65-733A-C5B9-85283DC343E4}.Release|x64.ActiveCfg = Release|Any CPU
		{3515EB74-FB65-733A-C5B9-85283DC343E4}.Release|x64.Build.0 = Release|Any CPU
	EndGlobalSection
	GlobalSection(SolutionProperties) = preSolution
		HideSolutionNode = FALSE
	EndGlobalSection
	GlobalSection(NestedProjects) = preSolution
		{967C2932-8250-5FA2-8CE0-F7D4B843D858} = {CD16CA97-F666-444D-938E-ADD301C182D7}
		{A018F105-E79E-BA83-F39C-EA8C1C200253} = {CD16CA97-F666-444D-938E-ADD301C182D7}
		{9F5338C5-8D19-15FB-9BD5-C31A7FD7C73E} = {CD16CA97-F666-444D-938E-ADD301C182D7}
		{4B51D5DB-2D82-E560-8405-DBB17B116269} = {CD16CA97-F666-444D-938E-ADD301C182D7}
		{2C95C7F3-7022-C61F-9895-58FA98F0B3F2} = {02EA681E-C7D8-13C7-8484-4AC65E1B71E8}
		{092DD260-E6BB-AC4E-91E8-CAD44C7DF645} = {02EA681E-C7D8-13C7-8484-4AC65E1B71E8}
		{49C22038-DE95-0087-905C-5EBF9D4B2646} = {02EA681E-C7D8-13C7-8484-4AC65E1B71E8}
		{2A3CC90B-14D8-B8BA-52DF-BBC04F3EEFAA} = {02EA681E-C7D8-13C7-8484-4AC65E1B71E8}
		{93A9F420-EF0A-457C-AEA7-AB6F58BD6B1C} = {456F9B05-B5DF-49CE-A67B-46B33CF28314}
		{076A746B-29E7-4C58-93BC-1BA96AAFBA52} = {456F9B05-B5DF-49CE-A67B-46B33CF28314}
		{6EEE04A8-63A8-4E3E-BA87-52AFBE136267} = {456F9B05-B5DF-49CE-A67B-46B33CF28314}
		{3515EB74-FB65-733A-C5B9-85283DC343E4} = {456F9B05-B5DF-49CE-A67B-46B33CF28314}
	EndGlobalSection
	GlobalSection(ExtensibilityGlobals) = postSolution
		SolutionGuid = {6EB23BB9-3FC0-4F85-8849-083F6B1248B6}
	EndGlobalSection
EndGlobal
